// !$*UTF8*$!
{
	archiveVersion = 1;
	classes = {
	};
	objectVersion = 46;
	objects = {

/* Begin PBXBuildFile section */
		388CDF5919650B6F00EBB598 /* Foundation.framework in Frameworks */ = {isa = PBXBuildFile; fileRef = 388CDF5819650B6F00EBB598 /* Foundation.framework */; };
		388CDF5B19650B6F00EBB598 /* CoreGraphics.framework in Frameworks */ = {isa = PBXBuildFile; fileRef = 388CDF5A19650B6F00EBB598 /* CoreGraphics.framework */; };
		388CDF5D19650B6F00EBB598 /* UIKit.framework in Frameworks */ = {isa = PBXBuildFile; fileRef = 388CDF5C19650B6F00EBB598 /* UIKit.framework */; };
		388CDF6319650B6F00EBB598 /* InfoPlist.strings in Resources */ = {isa = PBXBuildFile; fileRef = 388CDF6119650B6F00EBB598 /* InfoPlist.strings */; };
		388CDF6519650B6F00EBB598 /* main.m in Sources */ = {isa = PBXBuildFile; fileRef = 388CDF6419650B6F00EBB598 /* main.m */; };
		388CDF6919650B6F00EBB598 /* AppDelegate.m in Sources */ = {isa = PBXBuildFile; fileRef = 388CDF6819650B6F00EBB598 /* AppDelegate.m */; };
		388CDF6B19650B6F00EBB598 /* Images.xcassets in Resources */ = {isa = PBXBuildFile; fileRef = 388CDF6A19650B6F00EBB598 /* Images.xcassets */; };
		388CDF7219650B6F00EBB598 /* XCTest.framework in Frameworks */ = {isa = PBXBuildFile; fileRef = 388CDF7119650B6F00EBB598 /* XCTest.framework */; };
		388CDF7319650B6F00EBB598 /* Foundation.framework in Frameworks */ = {isa = PBXBuildFile; fileRef = 388CDF5819650B6F00EBB598 /* Foundation.framework */; };
		388CDF7419650B6F00EBB598 /* UIKit.framework in Frameworks */ = {isa = PBXBuildFile; fileRef = 388CDF5C19650B6F00EBB598 /* UIKit.framework */; };
		388CDF7C19650B6F00EBB598 /* InfoPlist.strings in Resources */ = {isa = PBXBuildFile; fileRef = 388CDF7A19650B6F00EBB598 /* InfoPlist.strings */; };
		388CDF7E19650B6F00EBB598 /* PodsTests.m in Sources */ = {isa = PBXBuildFile; fileRef = 388CDF7D19650B6F00EBB598 /* PodsTests.m */; };
		388CDF9219653C8F00EBB598 /* MyViewController.m in Sources */ = {isa = PBXBuildFile; fileRef = 388CDF9119653C8F00EBB598 /* MyViewController.m */; };
		388CDF961965540F00EBB598 /* OVCClient.m in Sources */ = {isa = PBXBuildFile; fileRef = 388CDF951965540F00EBB598 /* OVCClient.m */; };
		388CDF9C19655E9700EBB598 /* CTLClient.m in Sources */ = {isa = PBXBuildFile; fileRef = 388CDF9B19655E9700EBB598 /* CTLClient.m */; };
		388CDFA21965603D00EBB598 /* Result.m in Sources */ = {isa = PBXBuildFile; fileRef = 388CDFA11965603D00EBB598 /* Result.m */; };
		388CDFA61965679200EBB598 /* libPods.a in Frameworks */ = {isa = PBXBuildFile; fileRef = 388CDFA51965679200EBB598 /* libPods.a */; };
		388CE03719661D5400EBB598 /* Results.m in Sources */ = {isa = PBXBuildFile; fileRef = 388CE03619661D5400EBB598 /* Results.m */; };
/* End PBXBuildFile section */

/* Begin PBXContainerItemProxy section */
		388CDF7519650B6F00EBB598 /* PBXContainerItemProxy */ = {
			isa = PBXContainerItemProxy;
			containerPortal = 388CDF4D19650B6F00EBB598 /* Project object */;
			proxyType = 1;
			remoteGlobalIDString = 388CDF5419650B6F00EBB598;
			remoteInfo = Pods;
		};
/* End PBXContainerItemProxy section */

/* Begin PBXFileReference section */
		05AA8EE3CB1944C6A1790846 /* Pods.xcconfig */ = {isa = PBXFileReference; includeInIndex = 1; lastKnownFileType = text.xcconfig; name = Pods.xcconfig; path = Pods/Pods.xcconfig; sourceTree = "<group>"; };
		388CDF5519650B6F00EBB598 /* Pods.app */ = {isa = PBXFileReference; explicitFileType = wrapper.application; includeInIndex = 0; path = Pods.app; sourceTree = BUILT_PRODUCTS_DIR; };
		388CDF5819650B6F00EBB598 /* Foundation.framework */ = {isa = PBXFileReference; lastKnownFileType = wrapper.framework; name = Foundation.framework; path = System/Library/Frameworks/Foundation.framework; sourceTree = SDKROOT; };
		388CDF5A19650B6F00EBB598 /* CoreGraphics.framework */ = {isa = PBXFileReference; lastKnownFileType = wrapper.framework; name = CoreGraphics.framework; path = System/Library/Frameworks/CoreGraphics.framework; sourceTree = SDKROOT; };
		388CDF5C19650B6F00EBB598 /* UIKit.framework */ = {isa = PBXFileReference; lastKnownFileType = wrapper.framework; name = UIKit.framework; path = System/Library/Frameworks/UIKit.framework; sourceTree = SDKROOT; };
		388CDF6019650B6F00EBB598 /* Pods-Info.plist */ = {isa = PBXFileReference; lastKnownFileType = text.plist.xml; path = "Pods-Info.plist"; sourceTree = "<group>"; };
		388CDF6219650B6F00EBB598 /* en */ = {isa = PBXFileReference; lastKnownFileType = text.plist.strings; name = en; path = en.lproj/InfoPlist.strings; sourceTree = "<group>"; };
		388CDF6419650B6F00EBB598 /* main.m */ = {isa = PBXFileReference; lastKnownFileType = sourcecode.c.objc; path = main.m; sourceTree = "<group>"; };
		388CDF6619650B6F00EBB598 /* Pods-Prefix.pch */ = {isa = PBXFileReference; lastKnownFileType = sourcecode.c.h; path = "Pods-Prefix.pch"; sourceTree = "<group>"; };
		388CDF6719650B6F00EBB598 /* AppDelegate.h */ = {isa = PBXFileReference; lastKnownFileType = sourcecode.c.h; path = AppDelegate.h; sourceTree = "<group>"; };
		388CDF6819650B6F00EBB598 /* AppDelegate.m */ = {isa = PBXFileReference; lastKnownFileType = sourcecode.c.objc; path = AppDelegate.m; sourceTree = "<group>"; };
		388CDF6A19650B6F00EBB598 /* Images.xcassets */ = {isa = PBXFileReference; lastKnownFileType = folder.assetcatalog; path = Images.xcassets; sourceTree = "<group>"; };
		388CDF7019650B6F00EBB598 /* PodsTests.xctest */ = {isa = PBXFileReference; explicitFileType = wrapper.cfbundle; includeInIndex = 0; path = PodsTests.xctest; sourceTree = BUILT_PRODUCTS_DIR; };
		388CDF7119650B6F00EBB598 /* XCTest.framework */ = {isa = PBXFileReference; lastKnownFileType = wrapper.framework; name = XCTest.framework; path = Library/Frameworks/XCTest.framework; sourceTree = DEVELOPER_DIR; };
		388CDF7919650B6F00EBB598 /* PodsTests-Info.plist */ = {isa = PBXFileReference; lastKnownFileType = text.plist.xml; path = "PodsTests-Info.plist"; sourceTree = "<group>"; };
		388CDF7B19650B6F00EBB598 /* en */ = {isa = PBXFileReference; lastKnownFileType = text.plist.strings; name = en; path = en.lproj/InfoPlist.strings; sourceTree = "<group>"; };
		388CDF7D19650B6F00EBB598 /* PodsTests.m */ = {isa = PBXFileReference; lastKnownFileType = sourcecode.c.objc; path = PodsTests.m; sourceTree = "<group>"; };
		388CDF9019653C8F00EBB598 /* MyViewController.h */ = {isa = PBXFileReference; fileEncoding = 4; lastKnownFileType = sourcecode.c.h; path = MyViewController.h; sourceTree = "<group>"; };
		388CDF9119653C8F00EBB598 /* MyViewController.m */ = {isa = PBXFileReference; fileEncoding = 4; lastKnownFileType = sourcecode.c.objc; path = MyViewController.m; sourceTree = "<group>"; };
		388CDF941965540F00EBB598 /* OVCClient.h */ = {isa = PBXFileReference; fileEncoding = 4; lastKnownFileType = sourcecode.c.h; path = OVCClient.h; sourceTree = "<group>"; };
		388CDF951965540F00EBB598 /* OVCClient.m */ = {isa = PBXFileReference; fileEncoding = 4; lastKnownFileType = sourcecode.c.objc; path = OVCClient.m; sourceTree = "<group>"; };
		388CDF9A19655E9700EBB598 /* CTLClient.h */ = {isa = PBXFileReference; fileEncoding = 4; lastKnownFileType = sourcecode.c.h; path = CTLClient.h; sourceTree = "<group>"; };
		388CDF9B19655E9700EBB598 /* CTLClient.m */ = {isa = PBXFileReference; fileEncoding = 4; lastKnownFileType = sourcecode.c.objc; path = CTLClient.m; sourceTree = "<group>"; };
		388CDFA01965603D00EBB598 /* Result.h */ = {isa = PBXFileReference; fileEncoding = 4; lastKnownFileType = sourcecode.c.h; path = Result.h; sourceTree = "<group>"; };
		388CDFA11965603D00EBB598 /* Result.m */ = {isa = PBXFileReference; fileEncoding = 4; lastKnownFileType = sourcecode.c.objc; path = Result.m; sourceTree = "<group>"; };
		388CDFA51965679200EBB598 /* libPods.a */ = {isa = PBXFileReference; lastKnownFileType = archive.ar; name = libPods.a; path = "Pods/build/Debug-iphoneos/libPods.a"; sourceTree = "<group>"; };
		388CE03519661D5400EBB598 /* Results.h */ = {isa = PBXFileReference; fileEncoding = 4; lastKnownFileType = sourcecode.c.h; path = Results.h; sourceTree = "<group>"; };
		388CE03619661D5400EBB598 /* Results.m */ = {isa = PBXFileReference; fileEncoding = 4; lastKnownFileType = sourcecode.c.objc; path = Results.m; sourceTree = "<group>"; };
/* End PBXFileReference section */

/* Begin PBXFrameworksBuildPhase section */
		388CDF5219650B6F00EBB598 /* Frameworks */ = {
			isa = PBXFrameworksBuildPhase;
			buildActionMask = 2147483647;
			files = (
				388CDFA61965679200EBB598 /* libPods.a in Frameworks */,
				388CDF5B19650B6F00EBB598 /* CoreGraphics.framework in Frameworks */,
				388CDF5D19650B6F00EBB598 /* UIKit.framework in Frameworks */,
				388CDF5919650B6F00EBB598 /* Foundation.framework in Frameworks */,
			);
			runOnlyForDeploymentPostprocessing = 0;
		};
		388CDF6D19650B6F00EBB598 /* Frameworks */ = {
			isa = PBXFrameworksBuildPhase;
			buildActionMask = 2147483647;
			files = (
				388CDF7219650B6F00EBB598 /* XCTest.framework in Frameworks */,
				388CDF7419650B6F00EBB598 /* UIKit.framework in Frameworks */,
				388CDF7319650B6F00EBB598 /* Foundation.framework in Frameworks */,
			);
			runOnlyForDeploymentPostprocessing = 0;
		};
/* End PBXFrameworksBuildPhase section */

/* Begin PBXGroup section */
		388CDF4C19650B6F00EBB598 = {
			isa = PBXGroup;
			children = (
				388CDF5E19650B6F00EBB598 /* Pods */,
				388CDF7719650B6F00EBB598 /* PodsTests */,
				388CDF5719650B6F00EBB598 /* Frameworks */,
				388CDF5619650B6F00EBB598 /* Products */,
				05AA8EE3CB1944C6A1790846 /* Pods.xcconfig */,
			);
			sourceTree = "<group>";
		};
		388CDF5619650B6F00EBB598 /* Products */ = {
			isa = PBXGroup;
			children = (
				388CDF5519650B6F00EBB598 /* Pods.app */,
				388CDF7019650B6F00EBB598 /* PodsTests.xctest */,
			);
			name = Products;
			sourceTree = "<group>";
		};
		388CDF5719650B6F00EBB598 /* Frameworks */ = {
			isa = PBXGroup;
			children = (
				388CDFA51965679200EBB598 /* libPods.a */,
				388CDF5819650B6F00EBB598 /* Foundation.framework */,
				388CDF5A19650B6F00EBB598 /* CoreGraphics.framework */,
				388CDF5C19650B6F00EBB598 /* UIKit.framework */,
				388CDF7119650B6F00EBB598 /* XCTest.framework */,
			);
			name = Frameworks;
			sourceTree = "<group>";
		};
		388CDF5E19650B6F00EBB598 /* Pods */ = {
			isa = PBXGroup;
			children = (
				388CDF93196553C700EBB598 /* url */,
				388CDF6719650B6F00EBB598 /* AppDelegate.h */,
				388CDF6819650B6F00EBB598 /* AppDelegate.m */,
				388CDF9019653C8F00EBB598 /* MyViewController.h */,
				388CDF9119653C8F00EBB598 /* MyViewController.m */,
				388CDF6A19650B6F00EBB598 /* Images.xcassets */,
				388CDF5F19650B6F00EBB598 /* Supporting Files */,
			);
			path = Pods;
			sourceTree = "<group>";
		};
		388CDF5F19650B6F00EBB598 /* Supporting Files */ = {
			isa = PBXGroup;
			children = (
				388CDF6019650B6F00EBB598 /* Pods-Info.plist */,
				388CDF6119650B6F00EBB598 /* InfoPlist.strings */,
				388CDF6419650B6F00EBB598 /* main.m */,
				388CDF6619650B6F00EBB598 /* Pods-Prefix.pch */,
			);
			name = "Supporting Files";
			sourceTree = "<group>";
		};
		388CDF7719650B6F00EBB598 /* PodsTests */ = {
			isa = PBXGroup;
			children = (
				388CDF7D19650B6F00EBB598 /* PodsTests.m */,
				388CDF7819650B6F00EBB598 /* Supporting Files */,
			);
			path = PodsTests;
			sourceTree = "<group>";
		};
		388CDF7819650B6F00EBB598 /* Supporting Files */ = {
			isa = PBXGroup;
			children = (
				388CDF7919650B6F00EBB598 /* PodsTests-Info.plist */,
				388CDF7A19650B6F00EBB598 /* InfoPlist.strings */,
			);
			name = "Supporting Files";
			sourceTree = "<group>";
		};
		388CDF93196553C700EBB598 /* url */ = {
			isa = PBXGroup;
			children = (
				388CDF941965540F00EBB598 /* OVCClient.h */,
				388CDF951965540F00EBB598 /* OVCClient.m */,
				388CDF9A19655E9700EBB598 /* CTLClient.h */,
				388CDF9B19655E9700EBB598 /* CTLClient.m */,
				388CDFA01965603D00EBB598 /* Result.h */,
				388CDFA11965603D00EBB598 /* Result.m */,
				388CE03519661D5400EBB598 /* Results.h */,
				388CE03619661D5400EBB598 /* Results.m */,
			);
			name = url;
			sourceTree = "<group>";
		};
/* End PBXGroup section */

/* Begin PBXNativeTarget section */
		388CDF5419650B6F00EBB598 /* Pods */ = {
			isa = PBXNativeTarget;
			buildConfigurationList = 388CDF8119650B6F00EBB598 /* Build configuration list for PBXNativeTarget "Pods" */;
			buildPhases = (
				96AF804910544A89848EABEC /* Check Pods Manifest.lock */,
				388CDF5119650B6F00EBB598 /* Sources */,
				388CDF5219650B6F00EBB598 /* Frameworks */,
				388CDF5319650B6F00EBB598 /* Resources */,
				D0FEB0EF343C4F67BC4257AD /* Copy Pods Resources */,
			);
			buildRules = (
			);
			dependencies = (
			);
			name = Pods;
			productName = Pods;
			productReference = 388CDF5519650B6F00EBB598 /* Pods.app */;
			productType = "com.apple.product-type.application";
		};
		388CDF6F19650B6F00EBB598 /* PodsTests */ = {
			isa = PBXNativeTarget;
			buildConfigurationList = 388CDF8419650B6F00EBB598 /* Build configuration list for PBXNativeTarget "PodsTests" */;
			buildPhases = (
				388CDF6C19650B6F00EBB598 /* Sources */,
				388CDF6D19650B6F00EBB598 /* Frameworks */,
				388CDF6E19650B6F00EBB598 /* Resources */,
			);
			buildRules = (
			);
			dependencies = (
				388CDF7619650B6F00EBB598 /* PBXTargetDependency */,
			);
			name = PodsTests;
			productName = PodsTests;
			productReference = 388CDF7019650B6F00EBB598 /* PodsTests.xctest */;
			productType = "com.apple.product-type.bundle.unit-test";
		};
/* End PBXNativeTarget section */

/* Begin PBXProject section */
		388CDF4D19650B6F00EBB598 /* Project object */ = {
			isa = PBXProject;
			attributes = {
				LastUpgradeCheck = 0510;
				ORGANIZATIONNAME = "Apple MBP";
				TargetAttributes = {
					388CDF6F19650B6F00EBB598 = {
						TestTargetID = 388CDF5419650B6F00EBB598;
					};
				};
			};
			buildConfigurationList = 388CDF5019650B6F00EBB598 /* Build configuration list for PBXProject "Pods" */;
			compatibilityVersion = "Xcode 3.2";
			developmentRegion = English;
			hasScannedForEncodings = 0;
			knownRegions = (
				en,
			);
			mainGroup = 388CDF4C19650B6F00EBB598;
			productRefGroup = 388CDF5619650B6F00EBB598 /* Products */;
			projectDirPath = "";
			projectRoot = "";
			targets = (
				388CDF5419650B6F00EBB598 /* Pods */,
				388CDF6F19650B6F00EBB598 /* PodsTests */,
			);
		};
/* End PBXProject section */

/* Begin PBXResourcesBuildPhase section */
		388CDF5319650B6F00EBB598 /* Resources */ = {
			isa = PBXResourcesBuildPhase;
			buildActionMask = 2147483647;
			files = (
				388CDF6319650B6F00EBB598 /* InfoPlist.strings in Resources */,
				388CDF6B19650B6F00EBB598 /* Images.xcassets in Resources */,
			);
			runOnlyForDeploymentPostprocessing = 0;
		};
		388CDF6E19650B6F00EBB598 /* Resources */ = {
			isa = PBXResourcesBuildPhase;
			buildActionMask = 2147483647;
			files = (
				388CDF7C19650B6F00EBB598 /* InfoPlist.strings in Resources */,
			);
			runOnlyForDeploymentPostprocessing = 0;
		};
/* End PBXResourcesBuildPhase section */

/* Begin PBXShellScriptBuildPhase section */
		96AF804910544A89848EABEC /* Check Pods Manifest.lock */ = {
			isa = PBXShellScriptBuildPhase;
			buildActionMask = 2147483647;
			files = (
			);
			inputPaths = (
			);
			name = "Check Pods Manifest.lock";
			outputPaths = (
			);
			runOnlyForDeploymentPostprocessing = 0;
			shellPath = /bin/sh;
			shellScript = "diff \"${PODS_ROOT}/../Podfile.lock\" \"${PODS_ROOT}/Manifest.lock\" > /dev/null\nif [[ $? != 0 ]] ; then\n    cat << EOM\nerror: The sandbox is not in sync with the Podfile.lock. Run 'pod install' or update your CocoaPods installation.\nEOM\n    exit 1\nfi\n";
			showEnvVarsInLog = 0;
		};
		D0FEB0EF343C4F67BC4257AD /* Copy Pods Resources */ = {
			isa = PBXShellScriptBuildPhase;
			buildActionMask = 2147483647;
			files = (
			);
			inputPaths = (
			);
			name = "Copy Pods Resources";
			outputPaths = (
			);
			runOnlyForDeploymentPostprocessing = 0;
			shellPath = /bin/sh;
			shellScript = "\"${SRCROOT}/Pods/Pods-resources.sh\"\n";
			showEnvVarsInLog = 0;
		};
/* End PBXShellScriptBuildPhase section */

/* Begin PBXSourcesBuildPhase section */
		388CDF5119650B6F00EBB598 /* Sources */ = {
			isa = PBXSourcesBuildPhase;
			buildActionMask = 2147483647;
			files = (
				388CDFA21965603D00EBB598 /* Result.m in Sources */,
				388CDF9219653C8F00EBB598 /* MyViewController.m in Sources */,
				388CDF961965540F00EBB598 /* OVCClient.m in Sources */,
				388CDF9C19655E9700EBB598 /* CTLClient.m in Sources */,
				388CDF6919650B6F00EBB598 /* AppDelegate.m in Sources */,
				388CDF6519650B6F00EBB598 /* main.m in Sources */,
				388CE03719661D5400EBB598 /* Results.m in Sources */,
			);
			runOnlyForDeploymentPostprocessing = 0;
		};
		388CDF6C19650B6F00EBB598 /* Sources */ = {
			isa = PBXSourcesBuildPhase;
			buildActionMask = 2147483647;
			files = (
				388CDF7E19650B6F00EBB598 /* PodsTests.m in Sources */,
			);
			runOnlyForDeploymentPostprocessing = 0;
		};
/* End PBXSourcesBuildPhase section */

/* Begin PBXTargetDependency section */
		388CDF7619650B6F00EBB598 /* PBXTargetDependency */ = {
			isa = PBXTargetDependency;
			target = 388CDF5419650B6F00EBB598 /* Pods */;
			targetProxy = 388CDF7519650B6F00EBB598 /* PBXContainerItemProxy */;
		};
/* End PBXTargetDependency section */

/* Begin PBXVariantGroup section */
		388CDF6119650B6F00EBB598 /* InfoPlist.strings */ = {
			isa = PBXVariantGroup;
			children = (
				388CDF6219650B6F00EBB598 /* en */,
			);
			name = InfoPlist.strings;
			sourceTree = "<group>";
		};
		388CDF7A19650B6F00EBB598 /* InfoPlist.strings */ = {
			isa = PBXVariantGroup;
			children = (
				388CDF7B19650B6F00EBB598 /* en */,
			);
			name = InfoPlist.strings;
			sourceTree = "<group>";
		};
/* End PBXVariantGroup section */

/* Begin XCBuildConfiguration section */
		388CDF7F19650B6F00EBB598 /* Debug */ = {
			isa = XCBuildConfiguration;
			buildSettings = {
				ALWAYS_SEARCH_USER_PATHS = NO;
				CLANG_CXX_LANGUAGE_STANDARD = "gnu++0x";
				CLANG_CXX_LIBRARY = "libc++";
				CLANG_ENABLE_MODULES = YES;
				CLANG_ENABLE_OBJC_ARC = YES;
				CLANG_WARN_BOOL_CONVERSION = YES;
				CLANG_WARN_CONSTANT_CONVERSION = YES;
				CLANG_WARN_DIRECT_OBJC_ISA_USAGE = YES_ERROR;
				CLANG_WARN_EMPTY_BODY = YES;
				CLANG_WARN_ENUM_CONVERSION = YES;
				CLANG_WARN_INT_CONVERSION = YES;
				CLANG_WARN_OBJC_ROOT_CLASS = YES_ERROR;
				CLANG_WARN__DUPLICATE_METHOD_MATCH = YES;
				"CODE_SIGN_IDENTITY[sdk=iphoneos*]" = "iPhone Developer";
				COPY_PHASE_STRIP = NO;
				GCC_C_LANGUAGE_STANDARD = gnu99;
				GCC_DYNAMIC_NO_PIC = NO;
				GCC_OPTIMIZATION_LEVEL = 0;
				GCC_PREPROCESSOR_DEFINITIONS = (
					"DEBUG=1",
					"$(inherited)",
				);
				GCC_SYMBOLS_PRIVATE_EXTERN = NO;
				GCC_WARN_64_TO_32_BIT_CONVERSION = YES;
				GCC_WARN_ABOUT_RETURN_TYPE = YES_ERROR;
				GCC_WARN_UNDECLARED_SELECTOR = YES;
				GCC_WARN_UNINITIALIZED_AUTOS = YES_AGGRESSIVE;
				GCC_WARN_UNUSED_FUNCTION = YES;
				GCC_WARN_UNUSED_VARIABLE = YES;
				IPHONEOS_DEPLOYMENT_TARGET = 7.1;
				ONLY_ACTIVE_ARCH = YES;
				SDKROOT = iphoneos;
			};
			name = Debug;
		};
		388CDF8019650B6F00EBB598 /* Release */ = {
			isa = XCBuildConfiguration;
			buildSettings = {
				ALWAYS_SEARCH_USER_PATHS = NO;
				CLANG_CXX_LANGUAGE_STANDARD = "gnu++0x";
				CLANG_CXX_LIBRARY = "libc++";
				CLANG_ENABLE_MODULES = YES;
				CLANG_ENABLE_OBJC_ARC = YES;
				CLANG_WARN_BOOL_CONVERSION = YES;
				CLANG_WARN_CONSTANT_CONVERSION = YES;
				CLANG_WARN_DIRECT_OBJC_ISA_USAGE = YES_ERROR;
				CLANG_WARN_EMPTY_BODY = YES;
				CLANG_WARN_ENUM_CONVERSION = YES;
				CLANG_WARN_INT_CONVERSION = YES;
				CLANG_WARN_OBJC_ROOT_CLASS = YES_ERROR;
				CLANG_WARN__DUPLICATE_METHOD_MATCH = YES;
				"CODE_SIGN_IDENTITY[sdk=iphoneos*]" = "iPhone Developer";
				COPY_PHASE_STRIP = YES;
				ENABLE_NS_ASSERTIONS = NO;
				GCC_C_LANGUAGE_STANDARD = gnu99;
				GCC_WARN_64_TO_32_BIT_CONVERSION = YES;
				GCC_WARN_ABOUT_RETURN_TYPE = YES_ERROR;
				GCC_WARN_UNDECLARED_SELECTOR = YES;
				GCC_WARN_UNINITIALIZED_AUTOS = YES_AGGRESSIVE;
				GCC_WARN_UNUSED_FUNCTION = YES;
				GCC_WARN_UNUSED_VARIABLE = YES;
				IPHONEOS_DEPLOYMENT_TARGET = 7.1;
				SDKROOT = iphoneos;
				VALIDATE_PRODUCT = YES;
			};
			name = Release;
		};
		388CDF8219650B6F00EBB598 /* Debug */ = {
			isa = XCBuildConfiguration;
			baseConfigurationReference = 05AA8EE3CB1944C6A1790846 /* Pods.xcconfig */;
			buildSettings = {
				ASSETCATALOG_COMPILER_APPICON_NAME = AppIcon;
				ASSETCATALOG_COMPILER_LAUNCHIMAGE_NAME = LaunchImage;
				GCC_PRECOMPILE_PREFIX_HEADER = YES;
				GCC_PREFIX_HEADER = "Pods/Pods-Prefix.pch";
				INFOPLIST_FILE = "Pods/Pods-Info.plist";
				LIBRARY_SEARCH_PATHS = "$(inherited)";
				PRODUCT_NAME = "$(TARGET_NAME)";
				WRAPPER_EXTENSION = app;
			};
			name = Debug;
		};
		388CDF8319650B6F00EBB598 /* Release */ = {
			isa = XCBuildConfiguration;
			baseConfigurationReference = 05AA8EE3CB1944C6A1790846 /* Pods.xcconfig */;
			buildSettings = {
				ASSETCATALOG_COMPILER_APPICON_NAME = AppIcon;
				ASSETCATALOG_COMPILER_LAUNCHIMAGE_NAME = LaunchImage;
				GCC_PRECOMPILE_PREFIX_HEADER = YES;
				GCC_PREFIX_HEADER = "Pods/Pods-Prefix.pch";
				INFOPLIST_FILE = "Pods/Pods-Info.plist";
				LIBRARY_SEARCH_PATHS = "$(inherited)";
				PRODUCT_NAME = "$(TARGET_NAME)";
				WRAPPER_EXTENSION = app;
			};
			name = Release;
		};
		388CDF8519650B6F00EBB598 /* Debug */ = {
			isa = XCBuildConfiguration;
			buildSettings = {
				BUNDLE_LOADER = "$(BUILT_PRODUCTS_DIR)/Pods.app/Pods";
				FRAMEWORK_SEARCH_PATHS = (
					"$(SDKROOT)/Developer/Library/Frameworks",
					"$(inherited)",
					"$(DEVELOPER_FRAMEWORKS_DIR)",
				);
				GCC_PRECOMPILE_PREFIX_HEADER = YES;
				GCC_PREFIX_HEADER = "Pods/Pods-Prefix.pch";
				GCC_PREPROCESSOR_DEFINITIONS = (
					"DEBUG=1",
					"$(inherited)",
				);
				INFOPLIST_FILE = "PodsTests/PodsTests-Info.plist";
				PRODUCT_NAME = "$(TARGET_NAME)";
				TEST_HOST = "$(BUNDLE_LOADER)";
				WRAPPER_EXTENSION = xctest;
			};
			name = Debug;
		};
		388CDF8619650B6F00EBB598 /* Release */ = {
			isa = XCBuildConfiguration;
			buildSettings = {
				BUNDLE_LOADER = "$(BUILT_PRODUCTS_DIR)/Pods.app/Pods";
				FRAMEWORK_SEARCH_PATHS = (
					"$(SDKROOT)/Developer/Library/Frameworks",
					"$(inherited)",
					"$(DEVELOPER_FRAMEWORKS_DIR)",
				);
				GCC_PRECOMPILE_PREFIX_HEADER = YES;
				GCC_PREFIX_HEADER = "Pods/Pods-Prefix.pch";
				INFOPLIST_FILE = "PodsTests/PodsTests-Info.plist";
				PRODUCT_NAME = "$(TARGET_NAME)";
				TEST_HOST = "$(BUNDLE_LOADER)";
				WRAPPER_EXTENSION = xctest;
			};
			name = Release;
		};
/* End XCBuildConfiguration section */

/* Begin XCConfigurationList section */
		388CDF5019650B6F00EBB598 /* Build configuration list for PBXProject "Pods" */ = {
			isa = XCConfigurationList;
			buildConfigurations = (
				388CDF7F19650B6F00EBB598 /* Debug */,
				388CDF8019650B6F00EBB598 /* Release */,
			);
			defaultConfigurationIsVisible = 0;
			defaultConfigurationName = Release;
		};
		388CDF8119650B6F00EBB598 /* Build configuration list for PBXNativeTarget "Pods" */ = {
			isa = XCConfigurationList;
			buildConfigurations = (
				388CDF8219650B6F00EBB598 /* Debug */,
				388CDF8319650B6F00EBB598 /* Release */,
			);
			defaultConfigurationIsVisible = 0;
			defaultConfigurationName = Release;
		};
		388CDF8419650B6F00EBB598 /* Build configuration list for PBXNativeTarget "PodsTests" */ = {
			isa = XCConfigurationList;
			buildConfigurations = (
				388CDF8519650B6F00EBB598 /* Debug */,
				388CDF8619650B6F00EBB598 /* Release */,
			);
			defaultConfigurationIsVisible = 0;
			defaultConfigurationName = Release;
		};
/* End XCConfigurationList section */
	};
	rootObject = 388CDF4D19650B6F00EBB598 /* Project object */;
}
